<?xml version="1.0" encoding="utf-8"?>
<Project ToolsVersion="4.0" xmlns="http://schemas.microsoft.com/developer/msbuild/2003">
  <ItemGroup>
    <Filter Include="Source Files">
      <UniqueIdentifier>{4FC737F1-C7A5-4376-A066-2A32D752A2FF}</UniqueIdentifier>
      <Extensions>cpp;c;cc;cxx;def;odl;idl;hpj;bat;asm;asmx</Extensions>
    </Filter>
    <Filter Include="Header Files">
      <UniqueIdentifier>{93995380-89BD-4b04-88EB-625FBE52EBFB}</UniqueIdentifier>
      <Extensions>h;hpp;hxx;hm;inl;inc;xsd</Extensions>
    </Filter>
    <Filter Include="Resource Files">
      <UniqueIdentifier>{67DA6AB6-F800-4c08-8B7A-83BB121AAD01}</UniqueIdentifier>
      <Extensions>rc;ico;cur;bmp;dlg;rc2;rct;bin;rgs;gif;jpg;jpeg;jpe;resx;tiff;tif;png;wav</Extensions>
    </Filter>
  </ItemGroup>
  <ItemGroup>
    <ClCompile Include="source\Camera.cpp">
      <Filter>Source Files</Filter>
    </ClCompile>
    <ClCompile Include="source\main.cpp">
      <Filter>Source Files</Filter>
    </ClCompile>
    <ClCompile Include="source\MeshNode.cpp">
      <Filter>Source Files</Filter>
    </ClCompile>
    <ClCompile Include="source\PlaneNode.cpp">
      <Filter>Source Files</Filter>
    </ClCompile>
    <ClCompile Include="source\SceneNode.cpp">
      <Filter>Source Files</Filter>
    </ClCompile>
    <ClCompile Include="source\Utilities.cpp">
      <Filter>Source Files</Filter>
    </ClCompile>
    <ClCompile Include="source\Visualiser.cpp">
      <Filter>Source Files</Filter>
    </ClCompile>
  </ItemGroup>
  <ItemGroup>
    <ClInclude Include="include\AIE.h">
      <Filter>Header Files</Filter>
    </ClInclude>
    <ClInclude Include="include\Camera.h">
      <Filter>Header Files</Filter>
    </ClInclude>
    <ClInclude Include="include\CApplication.h">
      <Filter>Header Files</Filter>
    </ClInclude>
    <ClInclude Include="include\CGameStateManager.h">
      <Filter>Header Files</Filter>
    </ClInclude>
    <ClInclude Include="include\CInputHandler.h">
      <Filter>Header Files</Filter>
    </ClInclude>
    <ClInclude Include="include\CRenderManager.h">
      <Filter>Header Files</Filter>
    </ClInclude>
    <ClInclude Include="include\CubeNode.h">
      <Filter>Header Files</Filter>
    </ClInclude>
    <ClInclude Include="include\FBXMeshNode.h">
      <Filter>Header Files</Filter>
    </ClInclude>
    <ClInclude Include="include\FreeImage.h">
      <Filter>Header Files</Filter>
    </ClInclude>
    <ClInclude Include="include\glfw.h">
      <Filter>Header Files</Filter>
    </ClInclude>
    <ClInclude Include="include\GSLab02.h">
      <Filter>Header Files</Filter>
    </ClInclude>
    <ClInclude Include="include\GSLab03.h">
      <Filter>Header Files</Filter>
    </ClInclude>
    <ClInclude Include="include\GSLab04.h">
      <Filter>Header Files</Filter>
    </ClInclude>
    <ClInclude Include="include\GSLab05.h">
      <Filter>Header Files</Filter>
    </ClInclude>
    <ClInclude Include="include\GSLab07.h">
      <Filter>Header Files</Filter>
    </ClInclude>
    <ClInclude Include="include\GSLab08.h">
      <Filter>Header Files</Filter>
    </ClInclude>
    <ClInclude Include="include\GSLab09.h">
      <Filter>Header Files</Filter>
    </ClInclude>
    <ClInclude Include="include\IBaseGameState.h">
      <Filter>Header Files</Filter>
    </ClInclude>
    <ClInclude Include="include\IcosphereNode.h">
      <Filter>Header Files</Filter>
    </ClInclude>
    <ClInclude Include="include\MathHelper.h">
      <Filter>Header Files</Filter>
    </ClInclude>
    <ClInclude Include="include\MeshNode.h">
      <Filter>Header Files</Filter>
    </ClInclude>
    <ClInclude Include="include\Particle.h">
      <Filter>Header Files</Filter>
    </ClInclude>
    <ClInclude Include="include\ParticleManager.h">
      <Filter>Header Files</Filter>
    </ClInclude>
    <ClInclude Include="include\ParticleSystem.h">
      <Filter>Header Files</Filter>
    </ClInclude>
    <ClInclude Include="include\PlaneNode.h">
      <Filter>Header Files</Filter>
    </ClInclude>
    <ClInclude Include="include\QuadMesh.h">
      <Filter>Header Files</Filter>
    </ClInclude>
    <ClInclude Include="include\Quaternion.h">
      <Filter>Header Files</Filter>
    </ClInclude>
    <ClInclude Include="include\SceneNode.h">
      <Filter>Header Files</Filter>
    </ClInclude>
    <ClInclude Include="include\Skybox.h">
      <Filter>Header Files</Filter>
    </ClInclude>
    <ClInclude Include="include\TerrainNode.h">
      <Filter>Header Files</Filter>
    </ClInclude>
    <ClInclude Include="include\Utilities.h">
      <Filter>Header Files</Filter>
    </ClInclude>
    <ClInclude Include="include\Visualiser.h">
      <Filter>Header Files</Filter>
    </ClInclude>
  </ItemGroup>
  <ItemGroup>
    <None Include="resources\shaders\basic_fragment.glsl">
      <Filter>Resource Files</Filter>
    </None>
    <None Include="resources\shaders\basic_geometry.glsl">
      <Filter>Resource Files</Filter>
    </None>
    <None Include="resources\shaders\basic_tess_control.glsl">
      <Filter>Resource Files</Filter>
    </None>
    <None Include="resources\shaders\basic_tess_eval.glsl">
      <Filter>Resource Files</Filter>
    </None>
    <None Include="resources\shaders\basic_vertex.glsl">
      <Filter>Resource Files</Filter>
    </None>
    <None Include="resources\shaders\StaticFW_Pixel.glsl">
      <Filter>Resource Files</Filter>
    </None>
    <None Include="resources\shaders\StaticFW_Vertex.glsl">
      <Filter>Resource Files</Filter>
    </None>
    <None Include="resources\images\crate_sideup.png">
      <Filter>Resource Files</Filter>
    </None>
  </ItemGroup>
</Project>